
Microsoft Visual Studio Solution File, Format Version 12.00
# Visual Studio Version 16
VisualStudioVersion = 16.0.31005.135
MinimumVisualStudioVersion = 10.0.40219.1
Project("{FAE04EC0-301F-11D3-BF4B-00C04F79EFBC}") = "auditorCAL", "auditorCAL.csproj", "{12D49691-6107-4A46-9C95-51B04316820D}"
EndProject
Global
	GlobalSection(SolutionConfigurationPlatforms) = preSolution
		Debug|Any CPU = Debug|Any CPU
		Release|Any CPU = Release|Any CPU
	EndGlobalSection
	GlobalSection(ProjectConfigurationPlatforms) = postSolution
		{12D49691-6107-4A46-9C95-51B04316820D}.Debug|Any CPU.ActiveCfg = Debug|Any CPU
		{12D49691-6107-4A46-9C95-51B04316820D}.Debug|Any CPU.Build.0 = Debug|Any CPU
		{12D49691-6107-4A46-9C95-51B04316820D}.Release|Any CPU.ActiveCfg = Release|Any CPU
		{12D49691-6107-4A46-9C95-51B04316820D}.Release|Any CPU.Build.0 = Release|Any CPU
	EndGlobalSection
	GlobalSection(SolutionProperties) = preSolution
		HideSolutionNode = FALSE
	EndGlobalSection
	GlobalSection(ExtensibilityGlobals) = postSolution
		SolutionGuid = {6FC21F12-7F94-494E-9A07-CDA834175725}
	EndGlobalSection
EndGlobal
